# This file is automatically @generated by Cargo.
# It is not intended for manual editing.
version = 4

[[package]]
name = "kove-ast"
version = "0.1.0-dev"
dependencies = [
 "kove-diagnostics",
 "kove-lexer",
 "reparse",
]

[[package]]
name = "kove-cli"
version = "0.1.0-dev"
dependencies = [
 "kove-ast",
 "kove-diagnostics",
 "kove-interpreter",
 "kove-manifest",
 "kove-parser",
 "kove-resolver",
 "kove-typechecker",
]

[[package]]
name = "kove-diagnostics"
version = "0.1.0-dev"

[[package]]
name = "kove-formatter"
version = "0.1.0-dev"
dependencies = [
 "kove-diagnostics",
 "kove-parser",
 "reparse",
]

[[package]]
name = "kove-interpreter"
version = "0.1.0-dev"
dependencies = [
 "kove-ast",
 "kove-diagnostics",
]

[[package]]
name = "kove-lexer"
version = "0.1.0-dev"
dependencies = [
 "kove-diagnostics",
 "reparse",
]

[[package]]
name = "kove-manifest"
version = "0.1.0-dev"

[[package]]
name = "kove-parser"
version = "0.1.0-dev"
dependencies = [
 "kove-diagnostics",
 "kove-lexer",
 "reparse",
]

[[package]]
name = "kove-resolver"
version = "0.1.0-dev"
dependencies = [
 "kove-ast",
 "kove-diagnostics",
]

[[package]]
name = "kove-tests"
version = "0.1.0-dev"
dependencies = [
 "kove-ast",
 "kove-cli",
 "kove-diagnostics",
 "kove-interpreter",
 "kove-parser",
 "kove-resolver",
 "kove-typechecker",
 "reparse",
]

[[package]]
name = "kove-typechecker"
version = "0.1.0-dev"
dependencies = [
 "kove-ast",
 "kove-diagnostics",
 "kove-resolver",
]

[[package]]
name = "reparse"
version = "0.1.0"
source = "git+https://github.com/seattlex/ReParse?rev=73cfbe01fcc08a92d248a9e8f09341d7be5caf2d#73cfbe01fcc08a92d248a9e8f09341d7be5caf2d"
